// !$*UTF8*$!
{
	archiveVersion = 1;
	classes = {
	};
	objectVersion = 50;
	objects = {

/* Begin PBXBuildFile section */
		150ADE5827F64FC5007E7446 /* AppDelegate.swift in Sources */ = {isa = PBXBuildFile; fileRef = 150ADE5727F64FC5007E7446 /* AppDelegate.swift */; };
		150ADE5A27F64FC5007E7446 /* SceneDelegate.swift in Sources */ = {isa = PBXBuildFile; fileRef = 150ADE5927F64FC5007E7446 /* SceneDelegate.swift */; };
		150ADE5C27F64FC5007E7446 /* ViewController.swift in Sources */ = {isa = PBXBuildFile; fileRef = 150ADE5B27F64FC5007E7446 /* ViewController.swift */; };
		150ADE5F27F64FC5007E7446 /* Main.storyboard in Resources */ = {isa = PBXBuildFile; fileRef = 150ADE5D27F64FC5007E7446 /* Main.storyboard */; };
		150ADE6127F64FCE007E7446 /* Assets.xcassets in Resources */ = {isa = PBXBuildFile; fileRef = 150ADE6027F64FCE007E7446 /* Assets.xcassets */; };
		150ADE6427F64FCE007E7446 /* LaunchScreen.storyboard in Resources */ = {isa = PBXBuildFile; fileRef = 150ADE6227F64FCE007E7446 /* LaunchScreen.storyboard */; };
/* End PBXBuildFile section */

/* Begin PBXFileReference section */
		150ADE5427F64FC5007E7446 /* HW2-rgbSliders.app */ = {isa = PBXFileReference; explicitFileType = wrapper.application; includeInIndex = 0; path = "HW2-rgbSliders.app"; sourceTree = BUILT_PRODUCTS_DIR; };
		150ADE5727F64FC5007E7446 /* AppDelegate.swift */ = {isa = PBXFileReference; lastKnownFileType = sourcecode.swift; path = AppDelegate.swift; sourceTree = "<group>"; };
		150ADE5927F64FC5007E7446 /* SceneDelegate.swift */ = {isa = PBXFileReference; lastKnownFileType = sourcecode.swift; path = SceneDelegate.swift; sourceTree = "<group>"; };
		150ADE5B27F64FC5007E7446 /* ViewController.swift */ = {isa = PBXFileReference; lastKnownFileType = sourcecode.swift; path = ViewController.swift; sourceTree = "<group>"; };
		150ADE5E27F64FC5007E7446 /* Base */ = {isa = PBXFileReference; lastKnownFileType = file.storyboard; name = Base; path = Base.lproj/Main.storyboard; sourceTree = "<group>"; };
		150ADE6027F64FCE007E7446 /* Assets.xcassets */ = {isa = PBXFileReference; lastKnownFileType = folder.assetcatalog; path = Assets.xcassets; sourceTree = "<group>"; };
		150ADE6327F64FCE007E7446 /* Base */ = {isa = PBXFileReference; lastKnownFileType = file.storyboard; name = Base; path = Base.lproj/LaunchScreen.storyboard; sourceTree = "<group>"; };
		150ADE6527F64FCE007E7446 /* Info.plist */ = {isa = PBXFileReference; lastKnownFileType = text.plist.xml; path = Info.plist; sourceTree = "<group>"; };
/* End PBXFileReference section */

/* Begin PBXFrameworksBuildPhase section */
		150ADE5127F64FC5007E7446 /* Frameworks */ = {
			isa = PBXFrameworksBuildPhase;
			buildActionMask = 2147483647;
			files = (
			);
			runOnlyForDeploymentPostprocessing = 0;
		};
/* End PBXFrameworksBuildPhase section */

/* Begin PBXGroup section */
		150ADE4B27F64FC5007E7446 = {
			isa = PBXGroup;
			children = (
				150ADE5627F64FC5007E7446 /* HW2-rgbSliders */,
				150ADE5527F64FC5007E7446 /* Products */,
			);
			sourceTree = "<group>";
		};
		150ADE5527F64FC5007E7446 /* Products */ = {
			isa = PBXGroup;
			children = (
				150ADE5427F64FC5007E7446 /* HW2-rgbSliders.app */,
			);
			name = Products;
			sourceTree = "<group>";
		};
		150ADE5627F64FC5007E7446 /* HW2-rgbSliders */ = {
			isa = PBXGroup;
			children = (
				150ADE5727F64FC5007E7446 /* AppDelegate.swift */,
				150ADE5927F64FC5007E7446 /* SceneDelegate.swift */,
				150ADE5B27F64FC5007E7446 /* ViewController.swift */,
				150ADE5D27F64FC5007E7446 /* Main.storyboard */,
				150ADE6027F64FCE007E7446 /* Assets.xcassets */,
				150ADE6227F64FCE007E7446 /* LaunchScreen.storyboard */,
				150ADE6527F64FCE007E7446 /* Info.plist */,
			);
			path = "HW2-rgbSliders";
			sourceTree = "<group>";
		};
/* End PBXGroup section */

/* Begin PBXNativeTarget section */
		150ADE5327F64FC5007E7446 /* HW2-rgbSliders */ = {
			isa = PBXNativeTarget;
			buildConfigurationList = 150ADE6827F64FCE007E7446 /* Build configuration list for PBXNativeTarget "HW2-rgbSliders" */;
			buildPhases = (
				150ADE5027F64FC5007E7446 /* Sources */,
				150ADE5127F64FC5007E7446 /* Frameworks */,
				150ADE5227F64FC5007E7446 /* Resources */,
			);
			buildRules = (
			);
			dependencies = (
			);
			name = "HW2-rgbSliders";
			productName = "HW2-rgbSliders";
			productReference = 150ADE5427F64FC5007E7446 /* HW2-rgbSliders.app */;
			productType = "com.apple.product-type.application";
		};
/* End PBXNativeTarget section */

/* Begin PBXProject section */
		150ADE4C27F64FC5007E7446 /* Project object */ = {
			isa = PBXProject;
			attributes = {
				LastSwiftUpdateCheck = 1250;
				LastUpgradeCheck = 1250;
				TargetAttributes = {
					150ADE5327F64FC5007E7446 = {
						CreatedOnToolsVersion = 12.5.1;
					};
				};
			};
			buildConfigurationList = 150ADE4F27F64FC5007E7446 /* Build configuration list for PBXProject "HW2-rgbSliders" */;
			compatibilityVersion = "Xcode 9.3";
			developmentRegion = en;
			hasScannedForEncodings = 0;
			knownRegions = (
				en,
				Base,
			);
			mainGroup = 150ADE4B27F64FC5007E7446;
			productRefGroup = 150ADE5527F64FC5007E7446 /* Products */;
			projectDirPath = "";
			projectRoot = "";
			targets = (
				150ADE5327F64FC5007E7446 /* HW2-rgbSliders */,
			);
		};
/* End PBXProject section */

/* Begin PBXResourcesBuildPhase section */
		150ADE5227F64FC5007E7446 /* Resources */ = {
			isa = PBXResourcesBuildPhase;
			buildActionMask = 2147483647;
			files = (
				150ADE6427F64FCE007E7446 /* LaunchScreen.storyboard in Resources */,
				150ADE6127F64FCE007E7446 /* Assets.xcassets in Resources */,
				150ADE5F27F64FC5007E7446 /* Main.storyboard in Resources */,
			);
			runOnlyForDeploymentPostprocessing = 0;
		};
/* End PBXResourcesBuildPhase section */

/* Begin PBXSourcesBuildPhase section */
		150ADE5027F64FC5007E7446 /* Sources */ = {
			isa = PBXSourcesBuildPhase;
			buildActionMask = 2147483647;
			files = (
				150ADE5C27F64FC5007E7446 /* ViewController.swift in Sources */,
				150ADE5827F64FC5007E7446 /* AppDelegate.swift in Sources */,
				150ADE5A27F64FC5007E7446 /* SceneDelegate.swift in Sources */,
			);
			runOnlyForDeploymentPostprocessing = 0;
		};
/* End PBXSourcesBuildPhase section */

/* Begin PBXVariantGroup section */
		150ADE5D27F64FC5007E7446 /* Main.storyboard */ = {
			isa = PBXVariantGroup;
			children = (
				150ADE5E27F64FC5007E7446 /* Base */,
			);
			name = Main.storyboard;
			sourceTree = "<group>";
		};
		150ADE6227F64FCE007E7446 /* LaunchScreen.storyboard */ = {
			isa = PBXVariantGroup;
			children = (
				150ADE6327F64FCE007E7446 /* Base */,
			);
			name = LaunchScreen.storyboard;
			sourceTree = "<group>";
		};
/* End PBXVariantGroup section */

/* Begin XCBuildConfiguration section */
		150ADE6627F64FCE007E7446 /* Debug */ = {
			isa = XCBuildConfiguration;
			buildSettings = {
				ALWAYS_SEARCH_USER_PATHS = NO;
				CLANG_ANALYZER_NONNULL = YES;
				CLANG_ANALYZER_NUMBER_OBJECT_CONVERSION = YES_AGGRESSIVE;
				CLANG_CXX_LANGUAGE_STANDARD = "gnu++14";
				CLANG_CXX_LIBRARY = "libc++";
				CLANG_ENABLE_MODULES = YES;
				CLANG_ENABLE_OBJC_ARC = YES;
				CLANG_ENABLE_OBJC_WEAK = YES;
				CLANG_WARN_BLOCK_CAPTURE_AUTORELEASING = YES;
				CLANG_WARN_BOOL_CONVERSION = YES;
				CLANG_WARN_COMMA = YES;
				CLANG_WARN_CONSTANT_CONVERSION = YES;
				CLANG_WARN_DEPRECATED_OBJC_IMPLEMENTATIONS = YES;
				CLANG_WARN_DIRECT_OBJC_ISA_USAGE = YES_ERROR;
				CLANG_WARN_DOCUMENTATION_COMMENTS = YES;
				CLANG_WARN_EMPTY_BODY = YES;
				CLANG_WARN_ENUM_CONVERSION = YES;
				CLANG_WARN_INFINITE_RECURSION = YES;
				CLANG_WARN_INT_CONVERSION = YES;
				CLANG_WARN_NON_LITERAL_NULL_CONVERSION = YES;
				CLANG_WARN_OBJC_IMPLICIT_RETAIN_SELF = YES;
				CLANG_WARN_OBJC_LITERAL_CONVERSION = YES;
				CLANG_WARN_OBJC_ROOT_CLASS = YES_ERROR;
				CLANG_WARN_QUOTED_INCLUDE_IN_FRAMEWORK_HEADER = YES;
				CLANG_WARN_RANGE_LOOP_ANALYSIS = YES;
				CLANG_WARN_STRICT_PROTOTYPES = YES;
				CLANG_WARN_SUSPICIOUS_MOVE = YES;
				CLANG_WARN_UNGUARDED_AVAILABILITY = YES_AGGRESSIVE;
				CLANG_WARN_UNREACHABLE_CODE = YES;
				CLANG_WARN__DUPLICATE_METHOD_MATCH = YES;
				COPY_PHASE_STRIP = NO;
				DEBUG_INFORMATION_FORMAT = dwarf;
				ENABLE_STRICT_OBJC_MSGSEND = YES;
				ENABLE_TESTABILITY = YES;
				GCC_C_LANGUAGE_STANDARD = gnu11;
				GCC_DYNAMIC_NO_PIC = NO;
				GCC_NO_COMMON_BLOCKS = YES;
				GCC_OPTIMIZATION_LEVEL = 0;
				GCC_PREPROCESSOR_DEFINITIONS = (
					"DEBUG=1",
					"$(inherited)",
				);
				GCC_WARN_64_TO_32_BIT_CONVERSION = YES;
				GCC_WARN_ABOUT_RETURN_TYPE = YES_ERROR;
				GCC_WARN_UNDECLARED_SELECTOR = YES;
				GCC_WARN_UNINITIALIZED_AUTOS = YES_AGGRESSIVE;
				GCC_WARN_UNUSED_FUNCTION = YES;
				GCC_WARN_UNUSED_VARIABLE = YES;
				IPHONEOS_DEPLOYMENT_TARGET = 14.5;
				MTL_ENABLE_DEBUG_INFO = INCLUDE_SOURCE;
				MTL_FAST_MATH = YES;
				ONLY_ACTIVE_ARCH = YES;
				SDKROOT = iphoneos;
				SWIFT_ACTIVE_COMPILATION_CONDITIONS = DEBUG;
				SWIFT_OPTIMIZATION_LEVEL = "-Onone";
			};
			name = Debug;
		};
		150ADE6727F64FCE007E7446 /* Release */ = {
			isa = XCBuildConfiguration;
			buildSettings = {
				ALWAYS_SEARCH_USER_PATHS = NO;
				CLANG_ANALYZER_NONNULL = YES;
				CLANG_ANALYZER_NUMBER_OBJECT_CONVERSION = YES_AGGRESSIVE;
				CLANG_CXX_LANGUAGE_STANDARD = "gnu++14";
				CLANG_CXX_LIBRARY = "libc++";
				CLANG_ENABLE_MODULES = YES;
				CLANG_ENABLE_OBJC_ARC = YES;
				CLANG_ENABLE_OBJC_WEAK = YES;
				CLANG_WARN_BLOCK_CAPTURE_AUTORELEASING = YES;
				CLANG_WARN_BOOL_CONVERSION = YES;
				CLANG_WARN_COMMA = YES;
				CLANG_WARN_CONSTANT_CONVERSION = YES;
				CLANG_WARN_DEPRECATED_OBJC_IMPLEMENTATIONS = YES;
				CLANG_WARN_DIRECT_OBJC_ISA_USAGE = YES_ERROR;
				CLANG_WARN_DOCUMENTATION_COMMENTS = YES;
				CLANG_WARN_EMPTY_BODY = YES;
				CLANG_WARN_ENUM_CONVERSION = YES;
				CLANG_WARN_INFINITE_RECURSION = YES;
				CLANG_WARN_INT_CONVERSION = YES;
				CLANG_WARN_NON_LITERAL_NULL_CONVERSION = YES;
				CLANG_WARN_OBJC_IMPLICIT_RETAIN_SELF = YES;
				CLANG_WARN_OBJC_LITERAL_CONVERSION = YES;
				CLANG_WARN_OBJC_ROOT_CLASS = YES_ERROR;
				CLANG_WARN_QUOTED_INCLUDE_IN_FRAMEWORK_HEADER = YES;
				CLANG_WARN_RANGE_LOOP_ANALYSIS = YES;
				CLANG_WARN_STRICT_PROTOTYPES = YES;
				CLANG_WARN_SUSPICIOUS_MOVE = YES;
				CLANG_WARN_UNGUARDED_AVAILABILITY = YES_AGGRESSIVE;
				CLANG_WARN_UNREACHABLE_CODE = YES;
				CLANG_WARN__DUPLICATE_METHOD_MATCH = YES;
				COPY_PHASE_STRIP = NO;
				DEBUG_INFORMATION_FORMAT = "dwarf-with-dsym";
				ENABLE_NS_ASSERTIONS = NO;
				ENABLE_STRICT_OBJC_MSGSEND = YES;
				GCC_C_LANGUAGE_STANDARD = gnu11;
				GCC_NO_COMMON_BLOCKS = YES;
				GCC_WARN_64_TO_32_BIT_CONVERSION = YES;
				GCC_WARN_ABOUT_RETURN_TYPE = YES_ERROR;
				GCC_WARN_UNDECLARED_SELECTOR = YES;
				GCC_WARN_UNINITIALIZED_AUTOS = YES_AGGRESSIVE;
				GCC_WARN_UNUSED_FUNCTION = YES;
				GCC_WARN_UNUSED_VARIABLE = YES;
				IPHONEOS_DEPLOYMENT_TARGET = 14.5;
				MTL_ENABLE_DEBUG_INFO = NO;
				MTL_FAST_MATH = YES;
				SDKROOT = iphoneos;
				SWIFT_COMPILATION_MODE = wholemodule;
				SWIFT_OPTIMIZATION_LEVEL = "-O";
				VALIDATE_PRODUCT = YES;
			};
			name = Release;
		};
		150ADE6927F64FCE007E7446 /* Debug */ = {
			isa = XCBuildConfiguration;
			buildSettings = {
				ASSETCATALOG_COMPILER_APPICON_NAME = AppIcon;
				ASSETCATALOG_COMPILER_GLOBAL_ACCENT_COLOR_NAME = AccentColor;
				CODE_SIGN_STYLE = Automatic;
				DEVELOPMENT_TEAM = N4AY76W96D;
				INFOPLIST_FILE = "HW2-rgbSliders/Info.plist";
				LD_RUNPATH_SEARCH_PATHS = (
					"$(inherited)",
					"@executable_path/Frameworks",
				);
				PRODUCT_BUNDLE_IDENTIFIER = "seyransaakyan.HW2-rgbSliders";
				PRODUCT_NAME = "$(TARGET_NAME)";
				SWIFT_VERSION = 5.0;
				TARGETED_DEVICE_FAMILY = "1,2";
			};
			name = Debug;
		};
		150ADE6A27F64FCE007E7446 /* Release */ = {
			isa = XCBuildConfiguration;
			buildSettings = {
				ASSETCATALOG_COMPILER_APPICON_NAME = AppIcon;
				ASSETCATALOG_COMPILER_GLOBAL_ACCENT_COLOR_NAME = AccentColor;
				CODE_SIGN_STYLE = Automatic;
				DEVELOPMENT_TEAM = N4AY76W96D;
				INFOPLIST_FILE = "HW2-rgbSliders/Info.plist";
				LD_RUNPATH_SEARCH_PATHS = (
					"$(inherited)",
					"@executable_path/Frameworks",
				);
				PRODUCT_BUNDLE_IDENTIFIER = "seyransaakyan.HW2-rgbSliders";
				PRODUCT_NAME = "$(TARGET_NAME)";
				SWIFT_VERSION = 5.0;
				TARGETED_DEVICE_FAMILY = "1,2";
			};
			name = Release;
		};
/* End XCBuildConfiguration section */

/* Begin XCConfigurationList section */
		150ADE4F27F64FC5007E7446 /* Build configuration list for PBXProject "HW2-rgbSliders" */ = {
			isa = XCConfigurationList;
			buildConfigurations = (
				150ADE6627F64FCE007E7446 /* Debug */,
				150ADE6727F64FCE007E7446 /* Release */,
			);
			defaultConfigurationIsVisible = 0;
			defaultConfigurationName = Release;
		};
		150ADE6827F64FCE007E7446 /* Build configuration list for PBXNativeTarget "HW2-rgbSliders" */ = {
			isa = XCConfigurationList;
			buildConfigurations = (
				150ADE6927F64FCE007E7446 /* Debug */,
				150ADE6A27F64FCE007E7446 /* Release */,
			);
			defaultConfigurationIsVisible = 0;
			defaultConfigurationName = Release;
		};
/* End XCConfigurationList section */
	};
	rootObject = 150ADE4C27F64FC5007E7446 /* Project object */;
}
